
Microsoft Visual Studio Solution File, Format Version 12.00
# Visual Studio Version 16
VisualStudioVersion = 16.0.31005.135
MinimumVisualStudioVersion = 10.0.40219.1
Project("{FAE04EC0-301F-11D3-BF4B-00C04F79EFBC}") = "Apicalculadora", "Apicalculadora\Apicalculadora.csproj", "{69CE3387-DAF1-4E1E-ADEF-5E30C44EA291}"
EndProject
Global
	GlobalSection(SolutionConfigurationPlatforms) = preSolution
		Debug|Any CPU = Debug|Any CPU
		Release|Any CPU = Release|Any CPU
	EndGlobalSection
	GlobalSection(ProjectConfigurationPlatforms) = postSolution
		{69CE3387-DAF1-4E1E-ADEF-5E30C44EA291}.Debug|Any CPU.ActiveCfg = Debug|Any CPU
		{69CE3387-DAF1-4E1E-ADEF-5E30C44EA291}.Debug|Any CPU.Build.0 = Debug|Any CPU
		{69CE3387-DAF1-4E1E-ADEF-5E30C44EA291}.Release|Any CPU.ActiveCfg = Release|Any CPU
		{69CE3387-DAF1-4E1E-ADEF-5E30C44EA291}.Release|Any CPU.Build.0 = Release|Any CPU
	EndGlobalSection
	GlobalSection(SolutionProperties) = preSolution
		HideSolutionNode = FALSE
	EndGlobalSection
	GlobalSection(ExtensibilityGlobals) = postSolution
		SolutionGuid = {7E21228C-18BC-4428-B21B-21C85188B0D7}
	EndGlobalSection
EndGlobal
